dependencies:
- name: whoop-scraper
  repository: oci://ghcr.io/nezdemkovski/charts
  version: 0.1.1
- name: nezdemos-api
  repository: oci://ghcr.io/nezdemkovski/charts
  version: 0.1.2
digest: sha256:dd6096f637538cd120518ebdba01e088ffbd72c9ff817a953b52d05de25ab3fa
generated: "2026-05-19T18:39:51.951755+02:00"
