dependencies:
- name: whoop-scraper
  repository: oci://ghcr.io/nezdemkovski/charts
  version: 0.1.1
- name: nezdemos-api
  repository: oci://ghcr.io/nezdemkovski/charts
  version: 0.1.1
digest: sha256:30d4d1f9a011ac3f2e7d377b0f4964ebd9385d8c3e581370e1d1aff8c86c0277
generated: "2026-05-19T18:10:54.303964+02:00"
