dependencies:
- name: whoop-scraper
  repository: oci://ghcr.io/nezdemkovski/charts
  version: 0.1.1
- name: nezdemos-api
  repository: oci://ghcr.io/nezdemkovski/charts
  version: 0.1.0
digest: sha256:5a0358c69cb7b057000df2b5b769c30a44899667bdf5e9b8f0f916b037c90200
generated: "2026-05-19T17:49:59.748381+02:00"
