dependencies:
- name: kube-prometheus-stack
  repository: https://prometheus-community.github.io/helm-charts
  version: 92.3.0
- name: grafana
  repository: https://grafana-community.github.io/helm-charts
  version: 13.5.0
- name: grafana-mcp
  repository: https://grafana-community.github.io/helm-charts
  version: 0.27.2
digest: sha256:6c944936be2450bdec7c08e20e4f4235d8c8fb58eb779be5735e6f84ccf11a80
generated: "2026-10-10T18:39:10.831171248Z"
